# This file was autogenerated by Stack.
# You should not edit this file by hand.
# For more information, please see the documentation at:
#   https://docs.haskellstack.org/en/stable/topics/lock_files

packages:
- completed:
    hackage: discord-haskell-1.18.0@sha256:0b88b1c391542b36243647f3533261867a1bd59cb2194519bc4b0e45b9a73797,7032
    pantry-tree:
      sha256: 08c931796e4cdab60dd889f6a7f2c8cbcb72f9cdedfeee683c3a0593294073f8
      size: 3916
  original:
    hackage: discord-haskell-1.18.0
- completed:
    hackage: emoji-0.1.0.2@sha256:d995572a5c7dcd28f98eb15c6e387a7b3bda1ac2477ab0d9dba8580d5d7b161f,1273
    pantry-tree:
      sha256: dd9ea90a631342e5db0fc21331ade4d563a685e9125d5a3989eefa8e1b96c6c6
      size: 437
  original:
    hackage: emoji-0.1.0.2
- completed:
    hackage: load-env-0.2.1.0@sha256:17628d397cf7ba6af9bf103c2c3592bb246e2ad58bd019cc5071c654887b1083,1866
    pantry-tree:
      sha256: 12947042909a99d32d10cb72865db781867f34c0bd28c430091c2b80db1f1109
      size: 601
  original:
    hackage: load-env-0.2.1.0
- completed:
    hackage: persistent-2.17.1.0@sha256:7750cd6e4215241a1391fceb6432eab7f21f99272ed9da2274d89696f03dc577,7096
    pantry-tree:
      sha256: 1711bdf4d648fd308242fe1f525ac03d2ca0221e67539778ad95d1dd149cd0fe
      size: 7182
  original:
    hackage: persistent-2.17.1.0
- completed:
    hackage: svg-builder-0.1.1@sha256:1a7b9deb38cbf4be5b5271daa6cb41ece26825d14994fd77d57e9a960894bd05,1627
    pantry-tree:
      sha256: 81aa683eb07ab3914088d336125f06910c42e9c7f86393191db32e5fbf40528a
      size: 535
  original:
    hackage: svg-builder-0.1.1
- completed:
    commit: 569d6452e4bffedb2c0d3795885fccdb22a4d29d
    git: https://github.com/L0neGamer/haskell-distribution.git
    name: distribution
    pantry-tree:
      sha256: df46a8ef68d35f55bdcf3d6c6e5578cad5680306a7bef4e52da8631cc171c1fc
      size: 808
    version: 1.1.1.1
  original:
    commit: 569d6452e4bffedb2c0d3795885fccdb22a4d29d
    git: https://github.com/L0neGamer/haskell-distribution.git
- completed:
    commit: f22e3cdd7b77977fe3e9ec75fccd9a0f79c47f97
    git: https://github.com/L0neGamer/duckling.git
    name: duckling
    pantry-tree:
      sha256: 126902871d2ae27e2ac4a88a07f04a4c3b7bff3f0fdf067d8d9226136002ff51
      size: 77724
    version: 0.2.0.1
  original:
    commit: f22e3cdd7b77977fe3e9ec75fccd9a0f79c47f97
    git: https://github.com/L0neGamer/duckling.git
snapshots:
- completed:
    sha256: 057c5a66404132b661211de21bb4490f6df89c162752a17f0df5a0959381b869
    size: 726309
    url: https://raw.githubusercontent.com/commercialhaskell/stackage-snapshots/master/lts/24/10.yaml
  original: lts-24.10
